
Microsoft Visual Studio Solution File, Format Version 12.00
# Visual Studio 16
Project("{FAE04EC0-301F-11D3-BF4B-00C04F79EFBC}") = "Assembly-CSharp", "Assembly-CSharp.csproj", "{587800AC-D070-FFA4-05D4-A817743695A8}"
EndProject
Project("{FAE04EC0-301F-11D3-BF4B-00C04F79EFBC}") = "Assembly-CSharp-Editor", "Assembly-CSharp-Editor.csproj", "{C53B6DD6-F5BA-49AA-79C6-DE2882B1348B}"
EndProject
Global
	GlobalSection(SolutionConfigurationPlatforms) = preSolution
		Debug|Any CPU = Debug|Any CPU
		Release|Any CPU = Release|Any CPU
	EndGlobalSection
	GlobalSection(ProjectConfigurationPlatforms) = postSolution
		{587800AC-D070-FFA4-05D4-A817743695A8}.Debug|Any CPU.ActiveCfg = Debug|Any CPU
		{587800AC-D070-FFA4-05D4-A817743695A8}.Debug|Any CPU.Build.0 = Debug|Any CPU
		{587800AC-D070-FFA4-05D4-A817743695A8}.Release|Any CPU.ActiveCfg = Release|Any CPU
		{587800AC-D070-FFA4-05D4-A817743695A8}.Release|Any CPU.Build.0 = Release|Any CPU
		{C53B6DD6-F5BA-49AA-79C6-DE2882B1348B}.Debug|Any CPU.ActiveCfg = Debug|Any CPU
		{C53B6DD6-F5BA-49AA-79C6-DE2882B1348B}.Debug|Any CPU.Build.0 = Debug|Any CPU
		{C53B6DD6-F5BA-49AA-79C6-DE2882B1348B}.Release|Any CPU.ActiveCfg = Release|Any CPU
		{C53B6DD6-F5BA-49AA-79C6-DE2882B1348B}.Release|Any CPU.Build.0 = Release|Any CPU
	EndGlobalSection
	GlobalSection(SolutionProperties) = preSolution
		HideSolutionNode = FALSE
	EndGlobalSection
EndGlobal
